
Microsoft Visual Studio Solution File, Format Version 12.00
# Visual Studio 15
VisualStudioVersion = 15.0.26430.16
MinimumVisualStudioVersion = 10.0.40219.1
Project("{F184B08F-C81C-45F6-A57F-5ABD9991F28F}") = "ListArrays", "ListArrays\ListArrays.vbproj", "{06615900-CD84-48F3-B6BC-D75C33A82FC0}"
EndProject
Project("{F184B08F-C81C-45F6-A57F-5ABD9991F28F}") = "Auflistungen", "Auflistungen\Auflistungen.vbproj", "{494A9B21-86BB-4516-BEF8-4E404CAABE37}"
EndProject
Project("{F184B08F-C81C-45F6-A57F-5ABD9991F28F}") = "Messenger", "ClientForm\Messenger.vbproj", "{A751986E-94EF-4A0C-9294-231690C18415}"
EndProject
Global
	GlobalSection(SolutionConfigurationPlatforms) = preSolution
		Debug|Any CPU = Debug|Any CPU
		Release|Any CPU = Release|Any CPU
	EndGlobalSection
	GlobalSection(ProjectConfigurationPlatforms) = postSolution
		{06615900-CD84-48F3-B6BC-D75C33A82FC0}.Debug|Any CPU.ActiveCfg = Debug|Any CPU
		{06615900-CD84-48F3-B6BC-D75C33A82FC0}.Debug|Any CPU.Build.0 = Debug|Any CPU
		{06615900-CD84-48F3-B6BC-D75C33A82FC0}.Release|Any CPU.ActiveCfg = Release|Any CPU
		{06615900-CD84-48F3-B6BC-D75C33A82FC0}.Release|Any CPU.Build.0 = Release|Any CPU
		{494A9B21-86BB-4516-BEF8-4E404CAABE37}.Debug|Any CPU.ActiveCfg = Debug|Any CPU
		{494A9B21-86BB-4516-BEF8-4E404CAABE37}.Debug|Any CPU.Build.0 = Debug|Any CPU
		{494A9B21-86BB-4516-BEF8-4E404CAABE37}.Release|Any CPU.ActiveCfg = Release|Any CPU
		{494A9B21-86BB-4516-BEF8-4E404CAABE37}.Release|Any CPU.Build.0 = Release|Any CPU
		{A751986E-94EF-4A0C-9294-231690C18415}.Debug|Any CPU.ActiveCfg = Debug|Any CPU
		{A751986E-94EF-4A0C-9294-231690C18415}.Debug|Any CPU.Build.0 = Debug|Any CPU
		{A751986E-94EF-4A0C-9294-231690C18415}.Release|Any CPU.ActiveCfg = Release|Any CPU
		{A751986E-94EF-4A0C-9294-231690C18415}.Release|Any CPU.Build.0 = Release|Any CPU
	EndGlobalSection
	GlobalSection(SolutionProperties) = preSolution
		HideSolutionNode = FALSE
	EndGlobalSection
EndGlobal
